{
  "name": "learn-pixi",
  "version": "1.0.0",
  "lockfileVersion": 1,
  "requires": true,
  "dependencies": {
    "@pixi/accessibility": {
      "version": "5.2.1",
      "resolved": "https://registry.npmjs.org/@pixi/accessibility/-/accessibility-5.2.1.tgz",
      "integrity": "sha512-X6pu50NDdApR7ppGGpB6LzZFVUqnrfLmpNYMVHtzmlMGc0JnpwI9NYTTjGrMpBtkra8Y8HN4aGT4Sa+cfc1BaA==",
      "requires": {
        "@pixi/core": "5.2.1",
        "@pixi/display": "5.2.1",
        "@pixi/utils": "5.2.1"
      }
    },
    "@pixi/app": {
      "version": "5.2.1",
      "resolved": "https://registry.npmjs.org/@pixi/app/-/app-5.2.1.tgz",
      "integrity": "sha512-KPZ6fa324BspRTumU1Cdo2QANIu01COLcKBa3CpofHHXc5ayRDQDFiJnMpKMPYMDIPfKZeNt5aVwW0yVFB3iNQ==",
      "requires": {
        "@pixi/core": "5.2.1",
        "@pixi/display": "5.2.1"
      }
    },
    "@pixi/constants": {
      "version": "5.2.1",
      "resolved": "https://registry.npmjs.org/@pixi/constants/-/constants-5.2.1.tgz",
      "integrity": "sha512-RYeP1Q5R6qVyVioM00/fhGXFAhJjD+mJW4+TOiNZQASKP0t6wF51yuIfROEIxf5a6I6INOB3aSit1jUkSpYgTA=="
    },
    "@pixi/core": {
      "version": "5.2.1",
      "resolved": "https://registry.npmjs.org/@pixi/core/-/core-5.2.1.tgz",
      "integrity": "sha512-kREyWm87C4xZtdlw+otX+U/xJZhDUQyY/UHirbBwkO0LeAfrJm3qNyMfFZTcyW4PvmF16989IjvjGAWSeZSIQw==",
      "requires": {
        "@pixi/constants": "5.2.1",
        "@pixi/display": "5.2.1",
        "@pixi/math": "5.2.1",
        "@pixi/runner": "5.2.1",
        "@pixi/settings": "5.2.1",
        "@pixi/ticker": "5.2.1",
        "@pixi/utils": "5.2.1"
      }
    },
    "@pixi/display": {
      "version": "5.2.1",
      "resolved": "https://registry.npmjs.org/@pixi/display/-/display-5.2.1.tgz",
      "integrity": "sha512-tr++p14im8KBzZHxMtM/E2Q7FWHYp9bjjDl+rA1b91HSN/vUJu1OlkUoCN4x7TyfkVtDPnrglhZykf7d93Nl9A==",
      "requires": {
        "@pixi/math": "5.2.1",
        "@pixi/settings": "5.2.1",
        "@pixi/utils": "5.2.1"
      }
    },
    "@pixi/extract": {
      "version": "5.2.1",
      "resolved": "https://registry.npmjs.org/@pixi/extract/-/extract-5.2.1.tgz",
      "integrity": "sha512-Ol5ypGFNIj4nfp8zO5F//nwi7YilyP+esul3nDgPQdemTY5aothnXIWxdglqT54Glz/jcRd0z7UHL5tiiwV9JQ==",
      "requires": {
        "@pixi/core": "5.2.1",
        "@pixi/math": "5.2.1",
        "@pixi/utils": "5.2.1"
      }
    },
    "@pixi/filter-alpha": {
      "version": "5.2.1",
      "resolved": "https://registry.npmjs.org/@pixi/filter-alpha/-/filter-alpha-5.2.1.tgz",
      "integrity": "sha512-gqd8AQfej3HBdAXuRFku8HZx8pys7Klt5NJx78Du8ONyFnSrSSbZCgzctrqyrY396hXDkkcLyIL/Pi1sjN9pnw==",
      "requires": {
        "@pixi/core": "5.2.1"
      }
    },
    "@pixi/filter-blur": {
      "version": "5.2.1",
      "resolved": "https://registry.npmjs.org/@pixi/filter-blur/-/filter-blur-5.2.1.tgz",
      "integrity": "sha512-9TkJ3qpJAOvYiJILV7Eo2olb0tuEognpIQYGC0WDAwh/hLJAlp4xXCe1ZZyoTM75gNEgiQgzmbOIqx8Se5yI4w==",
      "requires": {
        "@pixi/core": "5.2.1",
        "@pixi/settings": "5.2.1"
      }
    },
    "@pixi/filter-color-matrix": {
      "version": "5.2.1",
      "resolved": "https://registry.npmjs.org/@pixi/filter-color-matrix/-/filter-color-matrix-5.2.1.tgz",
      "integrity": "sha512-alxpRXa7VVB9fcOq41AowH3/m/SdNmhKzoIdV5xQYfeLF+qRjJTP4DjiW0QuSqlY/zydSKLOEPj+hG3/onX/Qg==",
      "requires": {
        "@pixi/core": "5.2.1"
      }
    },
    "@pixi/filter-displacement": {
      "version": "5.2.1",
      "resolved": "https://registry.npmjs.org/@pixi/filter-displacement/-/filter-displacement-5.2.1.tgz",
      "integrity": "sha512-WGO9Qv/+jLsOLLN0TZV8Jx8Il4/GChXGYZTQkF0YfAHYt/wx9OeFjR38KDVLzvIcRZhDuTZ4SUyfxkjdXPaBZQ==",
      "requires": {
        "@pixi/core": "5.2.1",
        "@pixi/math": "5.2.1"
      }
    },
    "@pixi/filter-fxaa": {
      "version": "5.2.1",
      "resolved": "https://registry.npmjs.org/@pixi/filter-fxaa/-/filter-fxaa-5.2.1.tgz",
      "integrity": "sha512-eQgYCNYCTjJ5sB/PypU9RvnSsaM7mmsGy/CdTZigMM1qWW5zAvO3xrENwKAaVR8H23lqHw4mZoePdEnKt8cAfg==",
      "requires": {
        "@pixi/core": "5.2.1"
      }
    },
    "@pixi/filter-noise": {
      "version": "5.2.1",
      "resolved": "https://registry.npmjs.org/@pixi/filter-noise/-/filter-noise-5.2.1.tgz",
      "integrity": "sha512-Q0SLTiSvwxiwrNAhELescxTol3rn4Qvl6iq32rZ+0bPKnu9GkDWn3O/qBiDhfVVbYRk/nBai+UE+lIUxK7JFsw==",
      "requires": {
        "@pixi/core": "5.2.1"
      }
    },
    "@pixi/graphics": {
      "version": "5.2.1",
      "resolved": "https://registry.npmjs.org/@pixi/graphics/-/graphics-5.2.1.tgz",
      "integrity": "sha512-cyeG+gOJGruDZJIFnrLkojcsl+PSEobbuJ3HcmoNgemo4gmLC6c+zOoD8I5LFFzLXgrUVD0Y4WjOgM0ptH/4vg==",
      "requires": {
        "@pixi/constants": "5.2.1",
        "@pixi/core": "5.2.1",
        "@pixi/display": "5.2.1",
        "@pixi/math": "5.2.1",
        "@pixi/sprite": "5.2.1",
        "@pixi/utils": "5.2.1"
      }
    },
    "@pixi/interaction": {
      "version": "5.2.1",
      "resolved": "https://registry.npmjs.org/@pixi/interaction/-/interaction-5.2.1.tgz",
      "integrity": "sha512-sYFZGkseJGgQ+4Z/wJGklz8JNOf+Ih5l1+eeBly0irHsouPw9+LoSCCTVTCG4Lg7Ir/NBEr5vD7kfB7PsRADHw==",
      "requires": {
        "@pixi/core": "5.2.1",
        "@pixi/display": "5.2.1",
        "@pixi/math": "5.2.1",
        "@pixi/ticker": "5.2.1",
        "@pixi/utils": "5.2.1"
      }
    },
    "@pixi/loaders": {
      "version": "5.2.1",
      "resolved": "https://registry.npmjs.org/@pixi/loaders/-/loaders-5.2.1.tgz",
      "integrity": "sha512-XhmGD0+svS9MzqGXzcl8y0HCWk2NWqmSYDse9wwD1jIwpygU4Q5rrrqZE3OrUYt6xEP4IZXfiVAnfAJdUDtrzA==",
      "requires": {
        "@pixi/core": "5.2.1",
        "@pixi/utils": "5.2.1",
        "resource-loader": "^3.0.1"
      }
    },
    "@pixi/math": {
      "version": "5.2.1",
      "resolved": "https://registry.npmjs.org/@pixi/math/-/math-5.2.1.tgz",
      "integrity": "sha512-rsAXNk0uPvog51sdmBmbRBXoN30pZLjboHLNb7s5mfuCWkMgdR/UFdbLFzd+3dwsgpFvawFuKtbQbwO0McXn+g=="
    },
    "@pixi/mesh": {
      "version": "5.2.1",
      "resolved": "https://registry.npmjs.org/@pixi/mesh/-/mesh-5.2.1.tgz",
      "integrity": "sha512-IAiDrdlAEi/B1jMlz8XqzMeI6wObm9WHXg+xqXA/Nwo12Ru8W3IiXgItNYFhSXbqVm0n/zTLdHtN589w3yyEVg==",
      "requires": {
        "@pixi/constants": "5.2.1",
        "@pixi/core": "5.2.1",
        "@pixi/display": "5.2.1",
        "@pixi/math": "5.2.1",
        "@pixi/settings": "5.2.1",
        "@pixi/utils": "5.2.1"
      }
    },
    "@pixi/mesh-extras": {
      "version": "5.2.1",
      "resolved": "https://registry.npmjs.org/@pixi/mesh-extras/-/mesh-extras-5.2.1.tgz",
      "integrity": "sha512-x2waRYkAH+yuEBQh7/LRKxoQLtl7z3gL2xZ/Jd9PdL9jFvae65d5/BCbRUt4YIeqL8sF7GWN0yjiDaAXvzLUNw==",
      "requires": {
        "@pixi/constants": "5.2.1",
        "@pixi/core": "5.2.1",
        "@pixi/math": "5.2.1",
        "@pixi/mesh": "5.2.1",
        "@pixi/utils": "5.2.1"
      }
    },
    "@pixi/mixin-cache-as-bitmap": {
      "version": "5.2.1",
      "resolved": "https://registry.npmjs.org/@pixi/mixin-cache-as-bitmap/-/mixin-cache-as-bitmap-5.2.1.tgz",
      "integrity": "sha512-ev87bp3oLt8563HF6JR43IOg9DAVAvT5ohF78P6md38hwyBZR8UYu+sZZmwmkR0o01ppLo23SOACJR6GQ5a5oA==",
      "requires": {
        "@pixi/core": "5.2.1",
        "@pixi/display": "5.2.1",
        "@pixi/math": "5.2.1",
        "@pixi/settings": "5.2.1",
        "@pixi/sprite": "5.2.1",
        "@pixi/utils": "5.2.1"
      }
    },
    "@pixi/mixin-get-child-by-name": {
      "version": "5.2.1",
      "resolved": "https://registry.npmjs.org/@pixi/mixin-get-child-by-name/-/mixin-get-child-by-name-5.2.1.tgz",
      "integrity": "sha512-Hb9qmexAhHKhkbtKPpJG+dK2t0rKlbbVCgiGLsSQkhpuCVFBoIVplq2tKQOB0VzUHa/Olzub+DNEPxJ05rRbjA==",
      "requires": {
        "@pixi/display": "5.2.1"
      }
    },
    "@pixi/mixin-get-global-position": {
      "version": "5.2.1",
      "resolved": "https://registry.npmjs.org/@pixi/mixin-get-global-position/-/mixin-get-global-position-5.2.1.tgz",
      "integrity": "sha512-XiJPLNzcXxuygDM+QFp4tGNwjYL/E4IMcc55n0v+2Y+WJalTWssC6qcj343HU+CVvpc2DG/arFk5/bhwXDGhvg==",
      "requires": {
        "@pixi/display": "5.2.1",
        "@pixi/math": "5.2.1"
      }
    },
    "@pixi/particles": {
      "version": "5.2.1",
      "resolved": "https://registry.npmjs.org/@pixi/particles/-/particles-5.2.1.tgz",
      "integrity": "sha512-hl585Gwl/Zuim2cnvmYauhtE3Y5JCsbgqSN6FEUjdDVh142WbuX764sa1ogq7UcPgvle5zNpl9VjP8j3mm4u0w==",
      "requires": {
        "@pixi/constants": "5.2.1",
        "@pixi/core": "5.2.1",
        "@pixi/display": "5.2.1",
        "@pixi/math": "5.2.1",
        "@pixi/utils": "5.2.1"
      }
    },
    "@pixi/polyfill": {
      "version": "5.2.1",
      "resolved": "https://registry.npmjs.org/@pixi/polyfill/-/polyfill-5.2.1.tgz",
      "integrity": "sha512-qJ+Wgp9rhdv94zvA3+rmdvcbDun2VgCIXly+4t1vv1H0Z4YcE/6J4Psz1A3uRQk0AiIcgDNb79bqVNDOkJJp0A==",
      "requires": {
        "es6-promise-polyfill": "^1.2.0",
        "object-assign": "^4.1.1"
      }
    },
    "@pixi/prepare": {
      "version": "5.2.1",
      "resolved": "https://registry.npmjs.org/@pixi/prepare/-/prepare-5.2.1.tgz",
      "integrity": "sha512-UQKkvtUmJda22027pB/BER5G8EGA5mD70rTsMzCVN/lvSQW1etX7sVxSSfeXgnBp9xm9mwl4oiIsWN1yGspgxQ==",
      "requires": {
        "@pixi/core": "5.2.1",
        "@pixi/display": "5.2.1",
        "@pixi/graphics": "5.2.1",
        "@pixi/settings": "5.2.1",
        "@pixi/text": "5.2.1",
        "@pixi/ticker": "5.2.1"
      }
    },
    "@pixi/runner": {
      "version": "5.2.1",
      "resolved": "https://registry.npmjs.org/@pixi/runner/-/runner-5.2.1.tgz",
      "integrity": "sha512-nhU3HaYb3EJ6zHU20b1jU6pD7vQp3OXoAtAVBzqPMR/oWMkeEm4dDvp1PwbCbZPUGoT7mLfQ//5maufue1MPqA=="
    },
    "@pixi/settings": {
      "version": "5.2.1",
      "resolved": "https://registry.npmjs.org/@pixi/settings/-/settings-5.2.1.tgz",
      "integrity": "sha512-QQfCywlYrWKUekn06P2hy1KR5MYXUyqVU0fbqEItjsH3RvN0LzE9ry2sDxf53qQ2/uCjKDXcT59YV9JcHEfwHA==",
      "requires": {
        "ismobilejs": "^1.0.3"
      }
    },
    "@pixi/sprite": {
      "version": "5.2.1",
      "resolved": "https://registry.npmjs.org/@pixi/sprite/-/sprite-5.2.1.tgz",
      "integrity": "sha512-F2BrLpyVswTbYXQFPBf8QpyfwH0T/Vft+PPxMNHya0eg2UiYZJFYLxhmbSIJLD+bWMRbSnQRq0M+rHhVVtXt2Q==",
      "requires": {
        "@pixi/constants": "5.2.1",
        "@pixi/core": "5.2.1",
        "@pixi/display": "5.2.1",
        "@pixi/math": "5.2.1",
        "@pixi/settings": "5.2.1",
        "@pixi/utils": "5.2.1"
      }
    },
    "@pixi/sprite-animated": {
      "version": "5.2.1",
      "resolved": "https://registry.npmjs.org/@pixi/sprite-animated/-/sprite-animated-5.2.1.tgz",
      "integrity": "sha512-FwYHhDWEmeQPZPEW+iwG+jMYM1h7hHMzOOMsR7fda1s2hVcYMK/RPAg2oWDFjx03nBFSMu4HjqUQn1lUmnp5Kw==",
      "requires": {
        "@pixi/core": "5.2.1",
        "@pixi/sprite": "5.2.1",
        "@pixi/ticker": "5.2.1"
      }
    },
    "@pixi/sprite-tiling": {
      "version": "5.2.1",
      "resolved": "https://registry.npmjs.org/@pixi/sprite-tiling/-/sprite-tiling-5.2.1.tgz",
      "integrity": "sha512-1BuskMYmyctmIzqi5CidTFZCr23+ROwGKsynNFAVzzbRlBaAhTNveiY9mt9QJ+Pd2hugh0vY31IMMDuMqsE7Uw==",
      "requires": {
        "@pixi/constants": "5.2.1",
        "@pixi/core": "5.2.1",
        "@pixi/display": "5.2.1",
        "@pixi/math": "5.2.1",
        "@pixi/sprite": "5.2.1",
        "@pixi/utils": "5.2.1"
      }
    },
    "@pixi/spritesheet": {
      "version": "5.2.1",
      "resolved": "https://registry.npmjs.org/@pixi/spritesheet/-/spritesheet-5.2.1.tgz",
      "integrity": "sha512-Enj1FFhRtq3cUuctyPCLoGsudnGe9nD+gfs9UbOy1HXIZNd+uXhItZSIEjAoHgPSUzXprgCWaZrgrOD4KjW/tA==",
      "requires": {
        "@pixi/core": "5.2.1",
        "@pixi/loaders": "5.2.1",
        "@pixi/math": "5.2.1",
        "@pixi/utils": "5.2.1"
      }
    },
    "@pixi/text": {
      "version": "5.2.1",
      "resolved": "https://registry.npmjs.org/@pixi/text/-/text-5.2.1.tgz",
      "integrity": "sha512-SqpyyVTCx8ZioibK0Jnf3wHZWSdLGlZ8tK+uEuf2Hrv533ZHcF8fYsruWG8L9WFwXSGVCWcN/qEwivpAdWoMvA==",
      "requires": {
        "@pixi/core": "5.2.1",
        "@pixi/math": "5.2.1",
        "@pixi/settings": "5.2.1",
        "@pixi/sprite": "5.2.1",
        "@pixi/utils": "5.2.1"
      }
    },
    "@pixi/text-bitmap": {
      "version": "5.2.1",
      "resolved": "https://registry.npmjs.org/@pixi/text-bitmap/-/text-bitmap-5.2.1.tgz",
      "integrity": "sha512-K5d40LZdcVgzUFfWeuVjYHWS/8MWcbilp01SBljJ8JZdjTWC32eYrlhoCfnGBgiT0WFX3nH16kMi/dYRtwGJEQ==",
      "requires": {
        "@pixi/core": "5.2.1",
        "@pixi/display": "5.2.1",
        "@pixi/loaders": "5.2.1",
        "@pixi/math": "5.2.1",
        "@pixi/settings": "5.2.1",
        "@pixi/sprite": "5.2.1",
        "@pixi/utils": "5.2.1"
      }
    },
    "@pixi/ticker": {
      "version": "5.2.1",
      "resolved": "https://registry.npmjs.org/@pixi/ticker/-/ticker-5.2.1.tgz",
      "integrity": "sha512-xC2kfTjmThjo9VO28snfgvpLEJRzseTPBLP+LFn9fBqmuL17Pw+/eXgWsrTeizEOiTy+4NsaplMWdRs91UM8uw==",
      "requires": {
        "@pixi/settings": "5.2.1"
      }
    },
    "@pixi/utils": {
      "version": "5.2.1",
      "resolved": "https://registry.npmjs.org/@pixi/utils/-/utils-5.2.1.tgz",
      "integrity": "sha512-JKa/IDKK3cbwrJbhU4q3hdN5tPTsuiWco+WDSlEWq6vblrwJkhI+0dRQkooo2fL+Tso7k+hWQ+4k95YapTX5Og==",
      "requires": {
        "@pixi/constants": "5.2.1",
        "@pixi/settings": "5.2.1",
        "earcut": "^2.1.5",
        "eventemitter3": "^3.1.0",
        "url": "^0.11.0"
      }
    },
    "ajv": {
      "version": "6.12.0",
      "resolved": "https://registry.npmjs.org/ajv/-/ajv-6.12.0.tgz",
      "integrity": "sha512-D6gFiFA0RRLyUbvijN74DWAjXSFxWKaWP7mldxkVhyhAV3+SWA9HEJPHQ2c9soIeTFJqcSdFDGFgdqs1iUU2Hw==",
      "dev": true,
      "optional": true,
      "requires": {
        "fast-deep-equal": "^3.1.1",
        "fast-json-stable-stringify": "^2.0.0",
        "json-schema-traverse": "^0.4.1",
        "uri-js": "^4.2.2"
      }
    },
    "asap": {
      "version": "2.0.6",
      "resolved": "https://registry.npmjs.org/asap/-/asap-2.0.6.tgz",
      "integrity": "sha1-5QNHYR1+aQlDIIu9r+vLwvuGbUY=",
      "dev": true,
      "optional": true
    },
    "asn1": {
      "version": "0.2.4",
      "resolved": "https://registry.npmjs.org/asn1/-/asn1-0.2.4.tgz",
      "integrity": "sha512-jxwzQpLQjSmWXgwaCZE9Nz+glAG01yF1QnWgbhGwHI5A6FRIEY6IVqtHhIepHqI7/kyEyQEagBC5mBEFlIYvdg==",
      "dev": true,
      "optional": true,
      "requires": {
        "safer-buffer": "~2.1.0"
      }
    },
    "assert-plus": {
      "version": "1.0.0",
      "resolved": "https://registry.npmjs.org/assert-plus/-/assert-plus-1.0.0.tgz",
      "integrity": "sha1-8S4PPF13sLHN2RRpQuTpbB5N1SU=",
      "dev": true,
      "optional": true
    },
    "asynckit": {
      "version": "0.4.0",
      "resolved": "https://registry.npmjs.org/asynckit/-/asynckit-0.4.0.tgz",
      "integrity": "sha1-x57Zf380y48robyXkLzDZkdLS3k=",
      "dev": true,
      "optional": true
    },
    "aws-sign2": {
      "version": "0.7.0",
      "resolved": "https://registry.npmjs.org/aws-sign2/-/aws-sign2-0.7.0.tgz",
      "integrity": "sha1-tG6JCTSpWR8tL2+G1+ap8bP+dqg=",
      "dev": true,
      "optional": true
    },
    "aws4": {
      "version": "1.9.1",
      "resolved": "https://registry.npmjs.org/aws4/-/aws4-1.9.1.tgz",
      "integrity": "sha512-wMHVg2EOHaMRxbzgFJ9gtjOOCrI80OHLG14rxi28XwOW8ux6IiEbRCGGGqCtdAIg4FQCbW20k9RsT4y3gJlFug==",
      "dev": true,
      "optional": true
    },
    "bcrypt-pbkdf": {
      "version": "1.0.2",
      "resolved": "https://registry.npmjs.org/bcrypt-pbkdf/-/bcrypt-pbkdf-1.0.2.tgz",
      "integrity": "sha1-pDAdOJtqQ/m2f/PKEaP2Y342Dp4=",
      "dev": true,
      "optional": true,
      "requires": {
        "tweetnacl": "^0.14.3"
      }
    },
    "caseless": {
      "version": "0.12.0",
      "resolved": "https://registry.npmjs.org/caseless/-/caseless-0.12.0.tgz",
      "integrity": "sha1-G2gcIf+EAzyCZUMJBolCDRhxUdw=",
      "dev": true,
      "optional": true
    },
    "clone": {
      "version": "2.1.2",
      "resolved": "https://registry.npmjs.org/clone/-/clone-2.1.2.tgz",
      "integrity": "sha1-G39Ln1kfHo+DZwQBYANFoCiHQ18=",
      "dev": true
    },
    "combined-stream": {
      "version": "1.0.8",
      "resolved": "https://registry.npmjs.org/combined-stream/-/combined-stream-1.0.8.tgz",
      "integrity": "sha512-FQN4MRfuJeHf7cBbBMJFXhKSDq+2kAArBlmRBvcvFE5BB1HZKXtSFASDhdlz9zOYwxh8lDdnvmMOe/+5cdoEdg==",
      "dev": true,
      "optional": true,
      "requires": {
        "delayed-stream": "~1.0.0"
      }
    },
    "core-util-is": {
      "version": "1.0.2",
      "resolved": "https://registry.npmjs.org/core-util-is/-/core-util-is-1.0.2.tgz",
      "integrity": "sha1-tf1UIgqivFq1eqtxQMlAdUUDwac=",
      "dev": true,
      "optional": true
    },
    "dashdash": {
      "version": "1.14.1",
      "resolved": "https://registry.npmjs.org/dashdash/-/dashdash-1.14.1.tgz",
      "integrity": "sha1-hTz6D3y+L+1d4gMmuN1YEDX24vA=",
      "dev": true,
      "optional": true,
      "requires": {
        "assert-plus": "^1.0.0"
      }
    },
    "delayed-stream": {
      "version": "1.0.0",
      "resolved": "https://registry.npmjs.org/delayed-stream/-/delayed-stream-1.0.0.tgz",
      "integrity": "sha1-3zrhmayt+31ECqrgsp4icrJOxhk=",
      "dev": true,
      "optional": true
    },
    "earcut": {
      "version": "2.2.2",
      "resolved": "https://registry.npmjs.org/earcut/-/earcut-2.2.2.tgz",
      "integrity": "sha512-eZoZPPJcUHnfRZ0PjLvx2qBordSiO8ofC3vt+qACLM95u+4DovnbYNpQtJh0DNsWj8RnxrQytD4WA8gj5cRIaQ=="
    },
    "ecc-jsbn": {
      "version": "0.1.2",
      "resolved": "https://registry.npmjs.org/ecc-jsbn/-/ecc-jsbn-0.1.2.tgz",
      "integrity": "sha1-OoOpBOVDUyh4dMVkt1SThoSamMk=",
      "dev": true,
      "optional": true,
      "requires": {
        "jsbn": "~0.1.0",
        "safer-buffer": "^2.1.0"
      }
    },
    "errno": {
      "version": "0.1.7",
      "resolved": "https://registry.npmjs.org/errno/-/errno-0.1.7.tgz",
      "integrity": "sha512-MfrRBDWzIWifgq6tJj60gkAwtLNb6sQPlcFrSOflcP1aFmmruKQ2wRnze/8V6kgyz7H3FF8Npzv78mZ7XLLflg==",
      "dev": true,
      "optional": true,
      "requires": {
        "prr": "~1.0.1"
      }
    },
    "es6-promise-polyfill": {
      "version": "1.2.0",
      "resolved": "https://registry.npmjs.org/es6-promise-polyfill/-/es6-promise-polyfill-1.2.0.tgz",
      "integrity": "sha1-84kl8jyz4+jObNqP93T867sJDN4="
    },
    "eventemitter3": {
      "version": "3.1.2",
      "resolved": "https://registry.npmjs.org/eventemitter3/-/eventemitter3-3.1.2.tgz",
      "integrity": "sha512-tvtQIeLVHjDkJYnzf2dgVMxfuSGJeM/7UCG17TT4EumTfNtF+0nebF/4zWOIkCreAbtNqhGEboB6BWrwqNaw4Q=="
    },
    "extend": {
      "version": "3.0.2",
      "resolved": "https://registry.npmjs.org/extend/-/extend-3.0.2.tgz",
      "integrity": "sha512-fjquC59cD7CyW6urNXK0FBufkZcoiGG80wTuPujX590cB5Ttln20E2UB4S/WARVqhXffZl2LNgS+gQdPIIim/g==",
      "dev": true,
      "optional": true
    },
    "extsprintf": {
      "version": "1.3.0",
      "resolved": "https://registry.npmjs.org/extsprintf/-/extsprintf-1.3.0.tgz",
      "integrity": "sha1-lpGEQOMEGnpBT4xS48V06zw+HgU=",
      "dev": true,
      "optional": true
    },
    "fast-deep-equal": {
      "version": "3.1.1",
      "resolved": "https://registry.npmjs.org/fast-deep-equal/-/fast-deep-equal-3.1.1.tgz",
      "integrity": "sha512-8UEa58QDLauDNfpbrX55Q9jrGHThw2ZMdOky5Gl1CDtVeJDPVrG4Jxx1N8jw2gkWaff5UUuX1KJd+9zGe2B+ZA==",
      "dev": true,
      "optional": true
    },
    "fast-json-stable-stringify": {
      "version": "2.1.0",
      "resolved": "https://registry.npmjs.org/fast-json-stable-stringify/-/fast-json-stable-stringify-2.1.0.tgz",
      "integrity": "sha512-lhd/wF+Lk98HZoTCtlVraHtfh5XYijIjalXck7saUtuanSDyLMxnHhSXEDJqHxD7msR8D0uCmqlkwjCV8xvwHw==",
      "dev": true,
      "optional": true
    },
    "forever-agent": {
      "version": "0.6.1",
      "resolved": "https://registry.npmjs.org/forever-agent/-/forever-agent-0.6.1.tgz",
      "integrity": "sha1-+8cfDEGt6zf5bFd60e1C2P2sypE=",
      "dev": true,
      "optional": true
    },
    "form-data": {
      "version": "2.3.3",
      "resolved": "https://registry.npmjs.org/form-data/-/form-data-2.3.3.tgz",
      "integrity": "sha512-1lLKB2Mu3aGP1Q/2eCOx0fNbRMe7XdwktwOruhfqqd0rIJWwN4Dh+E3hrPSlDCXnSR7UtZ1N38rVXm+6+MEhJQ==",
      "dev": true,
      "optional": true,
      "requires": {
        "asynckit": "^0.4.0",
        "combined-stream": "^1.0.6",
        "mime-types": "^2.1.12"
      }
    },
    "getpass": {
      "version": "0.1.7",
      "resolved": "https://registry.npmjs.org/getpass/-/getpass-0.1.7.tgz",
      "integrity": "sha1-Xv+OPmhNVprkyysSgmBOi6YhSfo=",
      "dev": true,
      "optional": true,
      "requires": {
        "assert-plus": "^1.0.0"
      }
    },
    "graceful-fs": {
      "version": "4.2.3",
      "resolved": "https://registry.npmjs.org/graceful-fs/-/graceful-fs-4.2.3.tgz",
      "integrity": "sha512-a30VEBm4PEdx1dRB7MFK7BejejvCvBronbLjht+sHuGYj8PHs7M/5Z+rt5lw551vZ7yfTCj4Vuyy3mSJytDWRQ==",
      "dev": true,
      "optional": true
    },
    "har-schema": {
      "version": "2.0.0",
      "resolved": "https://registry.npmjs.org/har-schema/-/har-schema-2.0.0.tgz",
      "integrity": "sha1-qUwiJOvKwEeCoNkDVSHyRzW37JI=",
      "dev": true,
      "optional": true
    },
    "har-validator": {
      "version": "5.1.3",
      "resolved": "https://registry.npmjs.org/har-validator/-/har-validator-5.1.3.tgz",
      "integrity": "sha512-sNvOCzEQNr/qrvJgc3UG/kD4QtlHycrzwS+6mfTrrSq97BvaYcPZZI1ZSqGSPR73Cxn4LKTD4PttRwfU7jWq5g==",
      "dev": true,
      "optional": true,
      "requires": {
        "ajv": "^6.5.5",
        "har-schema": "^2.0.0"
      }
    },
    "http-signature": {
      "version": "1.2.0",
      "resolved": "https://registry.npmjs.org/http-signature/-/http-signature-1.2.0.tgz",
      "integrity": "sha1-muzZJRFHcvPZW2WmCruPfBj7rOE=",
      "dev": true,
      "optional": true,
      "requires": {
        "assert-plus": "^1.0.0",
        "jsprim": "^1.2.2",
        "sshpk": "^1.7.0"
      }
    },
    "image-size": {
      "version": "0.5.5",
      "resolved": "https://registry.npmjs.org/image-size/-/image-size-0.5.5.tgz",
      "integrity": "sha1-Cd/Uq50g4p6xw+gLiZA3jfnjy5w=",
      "dev": true,
      "optional": true
    },
    "is-typedarray": {
      "version": "1.0.0",
      "resolved": "https://registry.npmjs.org/is-typedarray/-/is-typedarray-1.0.0.tgz",
      "integrity": "sha1-5HnICFjfDBsR3dppQPlgEfzaSpo=",
      "dev": true,
      "optional": true
    },
    "ismobilejs": {
      "version": "1.0.3",
      "resolved": "https://registry.npmjs.org/ismobilejs/-/ismobilejs-1.0.3.tgz",
      "integrity": "sha512-6rTcdWK7PHIWPYlCPdTbU9eE9yzdnIQSpiH+8Ln5OqugpEszQK5KHlsjZrDae26fEhki9rPvQmsjI1q4CLuKIA=="
    },
    "isstream": {
      "version": "0.1.2",
      "resolved": "https://registry.npmjs.org/isstream/-/isstream-0.1.2.tgz",
      "integrity": "sha1-R+Y/evVa+m+S4VAOaQ64uFKcCZo=",
      "dev": true,
      "optional": true
    },
    "jsbn": {
      "version": "0.1.1",
      "resolved": "https://registry.npmjs.org/jsbn/-/jsbn-0.1.1.tgz",
      "integrity": "sha1-peZUwuWi3rXyAdls77yoDA7y9RM=",
      "dev": true,
      "optional": true
    },
    "json-schema": {
      "version": "0.2.3",
      "resolved": "https://registry.npmjs.org/json-schema/-/json-schema-0.2.3.tgz",
      "integrity": "sha1-tIDIkuWaLwWVTOcnvT8qTogvnhM=",
      "dev": true,
      "optional": true
    },
    "json-schema-traverse": {
      "version": "0.4.1",
      "resolved": "https://registry.npmjs.org/json-schema-traverse/-/json-schema-traverse-0.4.1.tgz",
      "integrity": "sha512-xbbCH5dCYU5T8LcEhhuh7HJ88HXuW3qsI3Y0zOZFKfZEHcpWiHU/Jxzk629Brsab/mMiHQti9wMP+845RPe3Vg==",
      "dev": true,
      "optional": true
    },
    "json-stringify-safe": {
      "version": "5.0.1",
      "resolved": "https://registry.npmjs.org/json-stringify-safe/-/json-stringify-safe-5.0.1.tgz",
      "integrity": "sha1-Epai1Y/UXxmg9s4B1lcB4sc1tus=",
      "dev": true,
      "optional": true
    },
    "jsprim": {
      "version": "1.4.1",
      "resolved": "https://registry.npmjs.org/jsprim/-/jsprim-1.4.1.tgz",
      "integrity": "sha1-MT5mvB5cwG5Di8G3SZwuXFastqI=",
      "dev": true,
      "optional": true,
      "requires": {
        "assert-plus": "1.0.0",
        "extsprintf": "1.3.0",
        "json-schema": "0.2.3",
        "verror": "1.10.0"
      }
    },
    "less": {
      "version": "3.11.1",
      "resolved": "https://registry.npmjs.org/less/-/less-3.11.1.tgz",
      "integrity": "sha512-tlWX341RECuTOvoDIvtFqXsKj072hm3+9ymRBe76/mD6O5ZZecnlAOVDlWAleF2+aohFrxNidXhv2773f6kY7g==",
      "dev": true,
      "requires": {
        "clone": "^2.1.2",
        "errno": "^0.1.1",
        "graceful-fs": "^4.1.2",
        "image-size": "~0.5.0",
        "mime": "^1.4.1",
        "mkdirp": "^0.5.0",
        "promise": "^7.1.1",
        "request": "^2.83.0",
        "source-map": "~0.6.0",
        "tslib": "^1.10.0"
      }
    },
    "mime": {
      "version": "1.6.0",
      "resolved": "https://registry.npmjs.org/mime/-/mime-1.6.0.tgz",
      "integrity": "sha512-x0Vn8spI+wuJ1O6S7gnbaQg8Pxh4NNHb7KSINmEWKiPE4RKOplvijn+NkmYmmRgP68mc70j2EbeTFRsrswaQeg==",
      "dev": true,
      "optional": true
    },
    "mime-db": {
      "version": "1.43.0",
      "resolved": "https://registry.npmjs.org/mime-db/-/mime-db-1.43.0.tgz",
      "integrity": "sha512-+5dsGEEovYbT8UY9yD7eE4XTc4UwJ1jBYlgaQQF38ENsKR3wj/8q8RFZrF9WIZpB2V1ArTVFUva8sAul1NzRzQ==",
      "dev": true,
      "optional": true
    },
    "mime-types": {
      "version": "2.1.26",
      "resolved": "https://registry.npmjs.org/mime-types/-/mime-types-2.1.26.tgz",
      "integrity": "sha512-01paPWYgLrkqAyrlDorC1uDwl2p3qZT7yl806vW7DvDoxwXi46jsjFbg+WdwotBIk6/MbEhO/dh5aZ5sNj/dWQ==",
      "dev": true,
      "optional": true,
      "requires": {
        "mime-db": "1.43.0"
      }
    },
    "mini-signals": {
      "version": "1.2.0",
      "resolved": "https://registry.npmjs.org/mini-signals/-/mini-signals-1.2.0.tgz",
      "integrity": "sha1-RbCAE8X65RokqhqTXNMXye1yHXQ="
    },
    "minimist": {
      "version": "1.2.5",
      "resolved": "https://registry.npmjs.org/minimist/-/minimist-1.2.5.tgz",
      "integrity": "sha512-FM9nNUYrRBAELZQT3xeZQ7fmMOBg6nWNmJKTcgsJeaLstP/UODVpGsr5OhXhhXg6f+qtJ8uiZ+PUxkDWcgIXLw==",
      "dev": true,
      "optional": true
    },
    "mkdirp": {
      "version": "0.5.5",
      "resolved": "https://registry.npmjs.org/mkdirp/-/mkdirp-0.5.5.tgz",
      "integrity": "sha512-NKmAlESf6jMGym1++R0Ra7wvhV+wFW63FaSOFPwRahvea0gMUcGUhVeAg/0BC0wiv9ih5NYPB1Wn1UEI1/L+xQ==",
      "dev": true,
      "optional": true,
      "requires": {
        "minimist": "^1.2.5"
      }
    },
    "oauth-sign": {
      "version": "0.9.0",
      "resolved": "https://registry.npmjs.org/oauth-sign/-/oauth-sign-0.9.0.tgz",
      "integrity": "sha512-fexhUFFPTGV8ybAtSIGbV6gOkSv8UtRbDBnAyLQw4QPKkgNlsH2ByPGtMUqdWkos6YCRmAqViwgZrJc/mRDzZQ==",
      "dev": true,
      "optional": true
    },
    "object-assign": {
      "version": "4.1.1",
      "resolved": "https://registry.npmjs.org/object-assign/-/object-assign-4.1.1.tgz",
      "integrity": "sha1-IQmtx5ZYh8/AXLvUQsrIv7s2CGM="
    },
    "parse-uri": {
      "version": "1.0.0",
      "resolved": "https://registry.npmjs.org/parse-uri/-/parse-uri-1.0.0.tgz",
      "integrity": "sha1-KHLcwi8aeXrN4Vg9igrClVLdrCA="
    },
    "performance-now": {
      "version": "2.1.0",
      "resolved": "https://registry.npmjs.org/performance-now/-/performance-now-2.1.0.tgz",
      "integrity": "sha1-Ywn04OX6kT7BxpMHrjZLSzd8nns=",
      "dev": true,
      "optional": true
    },
    "pixi.js": {
      "version": "5.2.1",
      "resolved": "https://registry.npmjs.org/pixi.js/-/pixi.js-5.2.1.tgz",
      "integrity": "sha512-jmkxchTmotiJN/mOS6+kGEjBOhHxAfx4JuWsJGe+uix1J88wdM9iNYFjuib+ITXrLxo0OrC6EhQgNE9jzZWgcg==",
      "requires": {
        "@pixi/accessibility": "5.2.1",
        "@pixi/app": "5.2.1",
        "@pixi/constants": "5.2.1",
        "@pixi/core": "5.2.1",
        "@pixi/display": "5.2.1",
        "@pixi/extract": "5.2.1",
        "@pixi/filter-alpha": "5.2.1",
        "@pixi/filter-blur": "5.2.1",
        "@pixi/filter-color-matrix": "5.2.1",
        "@pixi/filter-displacement": "5.2.1",
        "@pixi/filter-fxaa": "5.2.1",
        "@pixi/filter-noise": "5.2.1",
        "@pixi/graphics": "5.2.1",
        "@pixi/interaction": "5.2.1",
        "@pixi/loaders": "5.2.1",
        "@pixi/math": "5.2.1",
        "@pixi/mesh": "5.2.1",
        "@pixi/mesh-extras": "5.2.1",
        "@pixi/mixin-cache-as-bitmap": "5.2.1",
        "@pixi/mixin-get-child-by-name": "5.2.1",
        "@pixi/mixin-get-global-position": "5.2.1",
        "@pixi/particles": "5.2.1",
        "@pixi/polyfill": "5.2.1",
        "@pixi/prepare": "5.2.1",
        "@pixi/runner": "5.2.1",
        "@pixi/settings": "5.2.1",
        "@pixi/sprite": "5.2.1",
        "@pixi/sprite-animated": "5.2.1",
        "@pixi/sprite-tiling": "5.2.1",
        "@pixi/spritesheet": "5.2.1",
        "@pixi/text": "5.2.1",
        "@pixi/text-bitmap": "5.2.1",
        "@pixi/ticker": "5.2.1",
        "@pixi/utils": "5.2.1"
      }
    },
    "promise": {
      "version": "7.3.1",
      "resolved": "https://registry.npmjs.org/promise/-/promise-7.3.1.tgz",
      "integrity": "sha512-nolQXZ/4L+bP/UGlkfaIujX9BKxGwmQ9OT4mOt5yvy8iK1h3wqTEJCijzGANTCCl9nWjY41juyAn2K3Q1hLLTg==",
      "dev": true,
      "optional": true,
      "requires": {
        "asap": "~2.0.3"
      }
    },
    "prr": {
      "version": "1.0.1",
      "resolved": "https://registry.npmjs.org/prr/-/prr-1.0.1.tgz",
      "integrity": "sha1-0/wRS6BplaRexok/SEzrHXj19HY=",
      "dev": true,
      "optional": true
    },
    "psl": {
      "version": "1.8.0",
      "resolved": "https://registry.npmjs.org/psl/-/psl-1.8.0.tgz",
      "integrity": "sha512-RIdOzyoavK+hA18OGGWDqUTsCLhtA7IcZ/6NCs4fFJaHBDab+pDDmDIByWFRQJq2Cd7r1OoQxBGKOaztq+hjIQ==",
      "dev": true,
      "optional": true
    },
    "punycode": {
      "version": "1.3.2",
      "resolved": "https://registry.npmjs.org/punycode/-/punycode-1.3.2.tgz",
      "integrity": "sha1-llOgNvt8HuQjQvIyXM7v6jkmxI0="
    },
    "qs": {
      "version": "6.5.2",
      "resolved": "https://registry.npmjs.org/qs/-/qs-6.5.2.tgz",
      "integrity": "sha512-N5ZAX4/LxJmF+7wN74pUD6qAh9/wnvdQcjq9TZjevvXzSUo7bfmw91saqMjzGS2xq91/odN2dW/WOl7qQHNDGA==",
      "dev": true,
      "optional": true
    },
    "querystring": {
      "version": "0.2.0",
      "resolved": "https://registry.npmjs.org/querystring/-/querystring-0.2.0.tgz",
      "integrity": "sha1-sgmEkgO7Jd+CDadW50cAWHhSFiA="
    },
    "request": {
      "version": "2.88.2",
      "resolved": "https://registry.npmjs.org/request/-/request-2.88.2.tgz",
      "integrity": "sha512-MsvtOrfG9ZcrOwAW+Qi+F6HbD0CWXEh9ou77uOb7FM2WPhwT7smM833PzanhJLsgXjN89Ir6V2PczXNnMpwKhw==",
      "dev": true,
      "optional": true,
      "requires": {
        "aws-sign2": "~0.7.0",
        "aws4": "^1.8.0",
        "caseless": "~0.12.0",
        "combined-stream": "~1.0.6",
        "extend": "~3.0.2",
        "forever-agent": "~0.6.1",
        "form-data": "~2.3.2",
        "har-validator": "~5.1.3",
        "http-signature": "~1.2.0",
        "is-typedarray": "~1.0.0",
        "isstream": "~0.1.2",
        "json-stringify-safe": "~5.0.1",
        "mime-types": "~2.1.19",
        "oauth-sign": "~0.9.0",
        "performance-now": "^2.1.0",
        "qs": "~6.5.2",
        "safe-buffer": "^5.1.2",
        "tough-cookie": "~2.5.0",
        "tunnel-agent": "^0.6.0",
        "uuid": "^3.3.2"
      }
    },
    "resource-loader": {
      "version": "3.0.1",
      "resolved": "https://registry.npmjs.org/resource-loader/-/resource-loader-3.0.1.tgz",
      "integrity": "sha512-fBuCRbEHdLCI1eglzQhUv9Rrdcmqkydr1r6uHE2cYHvRBrcLXeSmbE/qI/urFt8rPr/IGxir3BUwM5kUK8XoyA==",
      "requires": {
        "mini-signals": "^1.2.0",
        "parse-uri": "^1.0.0"
      }
    },
    "safe-buffer": {
      "version": "5.2.0",
      "resolved": "https://registry.npmjs.org/safe-buffer/-/safe-buffer-5.2.0.tgz",
      "integrity": "sha512-fZEwUGbVl7kouZs1jCdMLdt95hdIv0ZeHg6L7qPeciMZhZ+/gdesW4wgTARkrFWEpspjEATAzUGPG8N2jJiwbg==",
      "dev": true,
      "optional": true
    },
    "safer-buffer": {
      "version": "2.1.2",
      "resolved": "https://registry.npmjs.org/safer-buffer/-/safer-buffer-2.1.2.tgz",
      "integrity": "sha512-YZo3K82SD7Riyi0E1EQPojLz7kpepnSQI9IyPbHHg1XXXevb5dJI7tpyN2ADxGcQbHG7vcyRHk0cbwqcQriUtg==",
      "dev": true,
      "optional": true
    },
    "source-map": {
      "version": "0.6.1",
      "resolved": "https://registry.npmjs.org/source-map/-/source-map-0.6.1.tgz",
      "integrity": "sha512-UjgapumWlbMhkBgzT7Ykc5YXUT46F0iKu8SGXq0bcwP5dz/h0Plj6enJqjz1Zbq2l5WaqYnrVbwWOWMyF3F47g==",
      "dev": true,
      "optional": true
    },
    "sshpk": {
      "version": "1.16.1",
      "resolved": "https://registry.npmjs.org/sshpk/-/sshpk-1.16.1.tgz",
      "integrity": "sha512-HXXqVUq7+pcKeLqqZj6mHFUMvXtOJt1uoUx09pFW6011inTMxqI8BA8PM95myrIyyKwdnzjdFjLiE6KBPVtJIg==",
      "dev": true,
      "optional": true,
      "requires": {
        "asn1": "~0.2.3",
        "assert-plus": "^1.0.0",
        "bcrypt-pbkdf": "^1.0.0",
        "dashdash": "^1.12.0",
        "ecc-jsbn": "~0.1.1",
        "getpass": "^0.1.1",
        "jsbn": "~0.1.0",
        "safer-buffer": "^2.0.2",
        "tweetnacl": "~0.14.0"
      }
    },
    "tough-cookie": {
      "version": "2.5.0",
      "resolved": "https://registry.npmjs.org/tough-cookie/-/tough-cookie-2.5.0.tgz",
      "integrity": "sha512-nlLsUzgm1kfLXSXfRZMc1KLAugd4hqJHDTvc2hDIwS3mZAfMEuMbc03SujMF+GEcpaX/qboeycw6iO8JwVv2+g==",
      "dev": true,
      "optional": true,
      "requires": {
        "psl": "^1.1.28",
        "punycode": "^2.1.1"
      },
      "dependencies": {
        "punycode": {
          "version": "2.1.1",
          "resolved": "https://registry.npmjs.org/punycode/-/punycode-2.1.1.tgz",
          "integrity": "sha512-XRsRjdf+j5ml+y/6GKHPZbrF/8p2Yga0JPtdqTIY2Xe5ohJPD9saDJJLPvp9+NSBprVvevdXZybnj2cv8OEd0A==",
          "dev": true,
          "optional": true
        }
      }
    },
    "tslib": {
      "version": "1.11.1",
      "resolved": "https://registry.npmjs.org/tslib/-/tslib-1.11.1.tgz",
      "integrity": "sha512-aZW88SY8kQbU7gpV19lN24LtXh/yD4ZZg6qieAJDDg+YBsJcSmLGK9QpnUjAKVG/xefmvJGd1WUmfpT/g6AJGA==",
      "dev": true
    },
    "tunnel-agent": {
      "version": "0.6.0",
      "resolved": "https://registry.npmjs.org/tunnel-agent/-/tunnel-agent-0.6.0.tgz",
      "integrity": "sha1-J6XeoGs2sEoKmWZ3SykIaPD8QP0=",
      "dev": true,
      "optional": true,
      "requires": {
        "safe-buffer": "^5.0.1"
      }
    },
    "tweetnacl": {
      "version": "0.14.5",
      "resolved": "https://registry.npmjs.org/tweetnacl/-/tweetnacl-0.14.5.tgz",
      "integrity": "sha1-WuaBd/GS1EViadEIr6k/+HQ/T2Q=",
      "dev": true,
      "optional": true
    },
    "uri-js": {
      "version": "4.2.2",
      "resolved": "https://registry.npmjs.org/uri-js/-/uri-js-4.2.2.tgz",
      "integrity": "sha512-KY9Frmirql91X2Qgjry0Wd4Y+YTdrdZheS8TFwvkbLWf/G5KNJDCh6pKL5OZctEW4+0Baa5idK2ZQuELRwPznQ==",
      "dev": true,
      "optional": true,
      "requires": {
        "punycode": "^2.1.0"
      },
      "dependencies": {
        "punycode": {
          "version": "2.1.1",
          "resolved": "https://registry.npmjs.org/punycode/-/punycode-2.1.1.tgz",
          "integrity": "sha512-XRsRjdf+j5ml+y/6GKHPZbrF/8p2Yga0JPtdqTIY2Xe5ohJPD9saDJJLPvp9+NSBprVvevdXZybnj2cv8OEd0A==",
          "dev": true,
          "optional": true
        }
      }
    },
    "url": {
      "version": "0.11.0",
      "resolved": "https://registry.npmjs.org/url/-/url-0.11.0.tgz",
      "integrity": "sha1-ODjpfPxgUh63PFJajlW/3Z4uKPE=",
      "requires": {
        "punycode": "1.3.2",
        "querystring": "0.2.0"
      }
    },
    "uuid": {
      "version": "3.4.0",
      "resolved": "https://registry.npmjs.org/uuid/-/uuid-3.4.0.tgz",
      "integrity": "sha512-HjSDRw6gZE5JMggctHBcjVak08+KEVhSIiDzFnT9S9aegmp85S/bReBVTb4QTFaRNptJ9kuYaNhnbNEOkbKb/A==",
      "dev": true,
      "optional": true
    },
    "verror": {
      "version": "1.10.0",
      "resolved": "https://registry.npmjs.org/verror/-/verror-1.10.0.tgz",
      "integrity": "sha1-OhBcoXBTr1XW4nDB+CiGguGNpAA=",
      "dev": true,
      "optional": true,
      "requires": {
        "assert-plus": "^1.0.0",
        "core-util-is": "1.0.2",
        "extsprintf": "^1.2.0"
      }
    }
  }
}
